// !$*UTF8*$!
{
	archiveVersion = 1;
	classes = {
	};
	objectVersion = 56;
	objects = {

/* Begin PBXBuildFile section */
		034F84492AD3AB7100208673 /* LandmarkDetail.swift in Sources */ = {isa = PBXBuildFile; fileRef = 034F84482AD3AB7100208673 /* LandmarkDetail.swift */; };
		036433CC2AD3A70B0053BE36 /* landmarkData.json in Resources */ = {isa = PBXBuildFile; fileRef = 036433CB2AD3A70B0053BE36 /* landmarkData.json */; };
		036433CE2AD3A7250053BE36 /* Landmark.swift in Sources */ = {isa = PBXBuildFile; fileRef = 036433CD2AD3A7250053BE36 /* Landmark.swift */; };
		036433D02AD3A7E10053BE36 /* ModelData.swift in Sources */ = {isa = PBXBuildFile; fileRef = 036433CF2AD3A7E10053BE36 /* ModelData.swift */; };
		036433D52AD3A9180053BE36 /* LandMarkRow.swift in Sources */ = {isa = PBXBuildFile; fileRef = 036433D42AD3A9180053BE36 /* LandMarkRow.swift */; };
		036433D72AD3AA1C0053BE36 /* LandmarkList.swift in Sources */ = {isa = PBXBuildFile; fileRef = 036433D62AD3AA1C0053BE36 /* LandmarkList.swift */; };
		03A25FA02ADF473E002DD59E /* FavoriteButton.swift in Sources */ = {isa = PBXBuildFile; fileRef = 03A25F9F2ADF473E002DD59E /* FavoriteButton.swift */; };
		03D875AB2AD2726000605090 /* LandmarksApp.swift in Sources */ = {isa = PBXBuildFile; fileRef = 03D875AA2AD2726000605090 /* LandmarksApp.swift */; };
		03D875AD2AD2726000605090 /* ContentView.swift in Sources */ = {isa = PBXBuildFile; fileRef = 03D875AC2AD2726000605090 /* ContentView.swift */; };
		03D875AF2AD2726200605090 /* Assets.xcassets in Resources */ = {isa = PBXBuildFile; fileRef = 03D875AE2AD2726200605090 /* Assets.xcassets */; };
		03D875B22AD2726200605090 /* Preview Assets.xcassets in Resources */ = {isa = PBXBuildFile; fileRef = 03D875B12AD2726200605090 /* Preview Assets.xcassets */; };
		03D875B92AD2746E00605090 /* CircleImage.swift in Sources */ = {isa = PBXBuildFile; fileRef = 03D875B82AD2746E00605090 /* CircleImage.swift */; };
		03D875BB2AD2753200605090 /* MapView.swift in Sources */ = {isa = PBXBuildFile; fileRef = 03D875BA2AD2753200605090 /* MapView.swift */; };
		03F1990F2BC394A600440797 /* HexagonParameters.swift in Sources */ = {isa = PBXBuildFile; fileRef = 03F1990E2BC394A600440797 /* HexagonParameters.swift */; };
		03F199112BC3951100440797 /* BadgeBackground.swift in Sources */ = {isa = PBXBuildFile; fileRef = 03F199102BC3951100440797 /* BadgeBackground.swift */; };
		03F199132BC3963900440797 /* BadgeSymbol.swift in Sources */ = {isa = PBXBuildFile; fileRef = 03F199122BC3963900440797 /* BadgeSymbol.swift */; };
		03F199152BC3966500440797 /* RotatedBadgeSymbol.swift in Sources */ = {isa = PBXBuildFile; fileRef = 03F199142BC3966500440797 /* RotatedBadgeSymbol.swift */; };
		03F199172BC3969800440797 /* Badge.swift in Sources */ = {isa = PBXBuildFile; fileRef = 03F199162BC3969800440797 /* Badge.swift */; };
/* End PBXBuildFile section */

/* Begin PBXFileReference section */
		034F84482AD3AB7100208673 /* LandmarkDetail.swift */ = {isa = PBXFileReference; lastKnownFileType = sourcecode.swift; path = LandmarkDetail.swift; sourceTree = "<group>"; };
		036433CB2AD3A70B0053BE36 /* landmarkData.json */ = {isa = PBXFileReference; fileEncoding = 4; lastKnownFileType = text.json; path = landmarkData.json; sourceTree = "<group>"; };
		036433CD2AD3A7250053BE36 /* Landmark.swift */ = {isa = PBXFileReference; lastKnownFileType = sourcecode.swift; path = Landmark.swift; sourceTree = "<group>"; };
		036433CF2AD3A7E10053BE36 /* ModelData.swift */ = {isa = PBXFileReference; lastKnownFileType = sourcecode.swift; path = ModelData.swift; sourceTree = "<group>"; };
		036433D42AD3A9180053BE36 /* LandMarkRow.swift */ = {isa = PBXFileReference; lastKnownFileType = sourcecode.swift; path = LandMarkRow.swift; sourceTree = "<group>"; };
		036433D62AD3AA1C0053BE36 /* LandmarkList.swift */ = {isa = PBXFileReference; lastKnownFileType = sourcecode.swift; path = LandmarkList.swift; sourceTree = "<group>"; };
		03A25F9F2ADF473E002DD59E /* FavoriteButton.swift */ = {isa = PBXFileReference; lastKnownFileType = sourcecode.swift; path = FavoriteButton.swift; sourceTree = "<group>"; };
		03D875A72AD2726000605090 /* Landmarks.app */ = {isa = PBXFileReference; explicitFileType = wrapper.application; includeInIndex = 0; path = Landmarks.app; sourceTree = BUILT_PRODUCTS_DIR; };
		03D875AA2AD2726000605090 /* LandmarksApp.swift */ = {isa = PBXFileReference; lastKnownFileType = sourcecode.swift; path = LandmarksApp.swift; sourceTree = "<group>"; };
		03D875AC2AD2726000605090 /* ContentView.swift */ = {isa = PBXFileReference; lastKnownFileType = sourcecode.swift; path = ContentView.swift; sourceTree = "<group>"; };
		03D875AE2AD2726200605090 /* Assets.xcassets */ = {isa = PBXFileReference; lastKnownFileType = folder.assetcatalog; path = Assets.xcassets; sourceTree = "<group>"; };
		03D875B12AD2726200605090 /* Preview Assets.xcassets */ = {isa = PBXFileReference; lastKnownFileType = folder.assetcatalog; path = "Preview Assets.xcassets"; sourceTree = "<group>"; };
		03D875B82AD2746E00605090 /* CircleImage.swift */ = {isa = PBXFileReference; lastKnownFileType = sourcecode.swift; path = CircleImage.swift; sourceTree = "<group>"; };
		03D875BA2AD2753200605090 /* MapView.swift */ = {isa = PBXFileReference; lastKnownFileType = sourcecode.swift; path = MapView.swift; sourceTree = "<group>"; };
		03F1990E2BC394A600440797 /* HexagonParameters.swift */ = {isa = PBXFileReference; lastKnownFileType = sourcecode.swift; path = HexagonParameters.swift; sourceTree = "<group>"; };
		03F199102BC3951100440797 /* BadgeBackground.swift */ = {isa = PBXFileReference; lastKnownFileType = sourcecode.swift; path = BadgeBackground.swift; sourceTree = "<group>"; };
		03F199122BC3963900440797 /* BadgeSymbol.swift */ = {isa = PBXFileReference; lastKnownFileType = sourcecode.swift; path = BadgeSymbol.swift; sourceTree = "<group>"; };
		03F199142BC3966500440797 /* RotatedBadgeSymbol.swift */ = {isa = PBXFileReference; lastKnownFileType = sourcecode.swift; path = RotatedBadgeSymbol.swift; sourceTree = "<group>"; };
		03F199162BC3969800440797 /* Badge.swift */ = {isa = PBXFileReference; lastKnownFileType = sourcecode.swift; path = Badge.swift; sourceTree = "<group>"; };
/* End PBXFileReference section */

/* Begin PBXFrameworksBuildPhase section */
		03D875A42AD2726000605090 /* Frameworks */ = {
			isa = PBXFrameworksBuildPhase;
			buildActionMask = 2147483647;
			files = (
			);
			runOnlyForDeploymentPostprocessing = 0;
		};
/* End PBXFrameworksBuildPhase section */

/* Begin PBXGroup section */
		036433D12AD3A8600053BE36 /* Views */ = {
			isa = PBXGroup;
			children = (
				03F199182BC396BB00440797 /* Badge */,
				03A25FA22ADF48F5002DD59E /* Landmarks */,
				03A25FA12ADF48E1002DD59E /* Helpers */,
			);
			path = Views;
			sourceTree = "<group>";
		};
		036433D22AD3A8870053BE36 /* Model */ = {
			isa = PBXGroup;
			children = (
				036433CF2AD3A7E10053BE36 /* ModelData.swift */,
				036433CD2AD3A7250053BE36 /* Landmark.swift */,
			);
			path = Model;
			sourceTree = "<group>";
		};
		036433D32AD3A8C30053BE36 /* Resources */ = {
			isa = PBXGroup;
			children = (
				036433CB2AD3A70B0053BE36 /* landmarkData.json */,
			);
			path = Resources;
			sourceTree = "<group>";
		};
		03A25FA12ADF48E1002DD59E /* Helpers */ = {
			isa = PBXGroup;
			children = (
				03D875B82AD2746E00605090 /* CircleImage.swift */,
				03D875BA2AD2753200605090 /* MapView.swift */,
				03A25F9F2ADF473E002DD59E /* FavoriteButton.swift */,
			);
			path = Helpers;
			sourceTree = "<group>";
		};
		03A25FA22ADF48F5002DD59E /* Landmarks */ = {
			isa = PBXGroup;
			children = (
				036433D42AD3A9180053BE36 /* LandMarkRow.swift */,
				036433D62AD3AA1C0053BE36 /* LandmarkList.swift */,
				034F84482AD3AB7100208673 /* LandmarkDetail.swift */,
			);
			path = Landmarks;
			sourceTree = "<group>";
		};
		03D8759E2AD2726000605090 = {
			isa = PBXGroup;
			children = (
				03D875A92AD2726000605090 /* Landmarks */,
				03D875A82AD2726000605090 /* Products */,
			);
			sourceTree = "<group>";
		};
		03D875A82AD2726000605090 /* Products */ = {
			isa = PBXGroup;
			children = (
				03D875A72AD2726000605090 /* Landmarks.app */,
			);
			name = Products;
			sourceTree = "<group>";
		};
		03D875A92AD2726000605090 /* Landmarks */ = {
			isa = PBXGroup;
			children = (
				03D875AC2AD2726000605090 /* ContentView.swift */,
				03D875AA2AD2726000605090 /* LandmarksApp.swift */,
				036433D12AD3A8600053BE36 /* Views */,
				036433D22AD3A8870053BE36 /* Model */,
				036433D32AD3A8C30053BE36 /* Resources */,
				03D875AE2AD2726200605090 /* Assets.xcassets */,
				03D875B02AD2726200605090 /* Preview Content */,
			);
			path = Landmarks;
			sourceTree = "<group>";
		};
		03D875B02AD2726200605090 /* Preview Content */ = {
			isa = PBXGroup;
			children = (
				03D875B12AD2726200605090 /* Preview Assets.xcassets */,
			);
			path = "Preview Content";
			sourceTree = "<group>";
		};
		03F199182BC396BB00440797 /* Badge */ = {
			isa = PBXGroup;
			children = (
				03F1990E2BC394A600440797 /* HexagonParameters.swift */,
				03F199102BC3951100440797 /* BadgeBackground.swift */,
				03F199122BC3963900440797 /* BadgeSymbol.swift */,
				03F199142BC3966500440797 /* RotatedBadgeSymbol.swift */,
				03F199162BC3969800440797 /* Badge.swift */,
			);
			path = Badge;
			sourceTree = "<group>";
		};
/* End PBXGroup section */

/* Begin PBXNativeTarget section */
		03D875A62AD2726000605090 /* Landmarks */ = {
			isa = PBXNativeTarget;
			buildConfigurationList = 03D875B52AD2726200605090 /* Build configuration list for PBXNativeTarget "Landmarks" */;
			buildPhases = (
				03D875A32AD2726000605090 /* Sources */,
				03D875A42AD2726000605090 /* Frameworks */,
				03D875A52AD2726000605090 /* Resources */,
			);
			buildRules = (
			);
			dependencies = (
			);
			name = Landmarks;
			productName = Landmarks;
			productReference = 03D875A72AD2726000605090 /* Landmarks.app */;
			productType = "com.apple.product-type.application";
		};
/* End PBXNativeTarget section */

/* Begin PBXProject section */
		03D8759F2AD2726000605090 /* Project object */ = {
			isa = PBXProject;
			attributes = {
				BuildIndependentTargetsInParallel = 1;
				LastSwiftUpdateCheck = 1500;
				LastUpgradeCheck = 1500;
				TargetAttributes = {
					03D875A62AD2726000605090 = {
						CreatedOnToolsVersion = 15.0;
					};
				};
			};
			buildConfigurationList = 03D875A22AD2726000605090 /* Build configuration list for PBXProject "Landmarks" */;
			compatibilityVersion = "Xcode 14.0";
			developmentRegion = en;
			hasScannedForEncodings = 0;
			knownRegions = (
				en,
				Base,
			);
			mainGroup = 03D8759E2AD2726000605090;
			productRefGroup = 03D875A82AD2726000605090 /* Products */;
			projectDirPath = "";
			projectRoot = "";
			targets = (
				03D875A62AD2726000605090 /* Landmarks */,
			);
		};
/* End PBXProject section */

/* Begin PBXResourcesBuildPhase section */
		03D875A52AD2726000605090 /* Resources */ = {
			isa = PBXResourcesBuildPhase;
			buildActionMask = 2147483647;
			files = (
				03D875B22AD2726200605090 /* Preview Assets.xcassets in Resources */,
				03D875AF2AD2726200605090 /* Assets.xcassets in Resources */,
				036433CC2AD3A70B0053BE36 /* landmarkData.json in Resources */,
			);
			runOnlyForDeploymentPostprocessing = 0;
		};
/* End PBXResourcesBuildPhase section */

/* Begin PBXSourcesBuildPhase section */
		03D875A32AD2726000605090 /* Sources */ = {
			isa = PBXSourcesBuildPhase;
			buildActionMask = 2147483647;
			files = (
				03D875AD2AD2726000605090 /* ContentView.swift in Sources */,
				03F199172BC3969800440797 /* Badge.swift in Sources */,
				036433D52AD3A9180053BE36 /* LandMarkRow.swift in Sources */,
				03D875BB2AD2753200605090 /* MapView.swift in Sources */,
				03A25FA02ADF473E002DD59E /* FavoriteButton.swift in Sources */,
				03F1990F2BC394A600440797 /* HexagonParameters.swift in Sources */,
				03F199152BC3966500440797 /* RotatedBadgeSymbol.swift in Sources */,
				03F199132BC3963900440797 /* BadgeSymbol.swift in Sources */,
				036433D72AD3AA1C0053BE36 /* LandmarkList.swift in Sources */,
				034F84492AD3AB7100208673 /* LandmarkDetail.swift in Sources */,
				03F199112BC3951100440797 /* BadgeBackground.swift in Sources */,
				03D875AB2AD2726000605090 /* LandmarksApp.swift in Sources */,
				03D875B92AD2746E00605090 /* CircleImage.swift in Sources */,
				036433CE2AD3A7250053BE36 /* Landmark.swift in Sources */,
				036433D02AD3A7E10053BE36 /* ModelData.swift in Sources */,
			);
			runOnlyForDeploymentPostprocessing = 0;
		};
/* End PBXSourcesBuildPhase section */

/* Begin XCBuildConfiguration section */
		03D875B32AD2726200605090 /* Debug */ = {
			isa = XCBuildConfiguration;
			buildSettings = {
				ALWAYS_SEARCH_USER_PATHS = NO;
				ASSETCATALOG_COMPILER_GENERATE_SWIFT_ASSET_SYMBOL_EXTENSIONS = YES;
				CLANG_ANALYZER_NONNULL = YES;
				CLANG_ANALYZER_NUMBER_OBJECT_CONVERSION = YES_AGGRESSIVE;
				CLANG_CXX_LANGUAGE_STANDARD = "gnu++20";
				CLANG_ENABLE_MODULES = YES;
				CLANG_ENABLE_OBJC_ARC = YES;
				CLANG_ENABLE_OBJC_WEAK = YES;
				CLANG_WARN_BLOCK_CAPTURE_AUTORELEASING = YES;
				CLANG_WARN_BOOL_CONVERSION = YES;
				CLANG_WARN_COMMA = YES;
				CLANG_WARN_CONSTANT_CONVERSION = YES;
				CLANG_WARN_DEPRECATED_OBJC_IMPLEMENTATIONS = YES;
				CLANG_WARN_DIRECT_OBJC_ISA_USAGE = YES_ERROR;
				CLANG_WARN_DOCUMENTATION_COMMENTS = YES;
				CLANG_WARN_EMPTY_BODY = YES;
				CLANG_WARN_ENUM_CONVERSION = YES;
				CLANG_WARN_INFINITE_RECURSION = YES;
				CLANG_WARN_INT_CONVERSION = YES;
				CLANG_WARN_NON_LITERAL_NULL_CONVERSION = YES;
				CLANG_WARN_OBJC_IMPLICIT_RETAIN_SELF = YES;
				CLANG_WARN_OBJC_LITERAL_CONVERSION = YES;
				CLANG_WARN_OBJC_ROOT_CLASS = YES_ERROR;
				CLANG_WARN_QUOTED_INCLUDE_IN_FRAMEWORK_HEADER = YES;
				CLANG_WARN_RANGE_LOOP_ANALYSIS = YES;
				CLANG_WARN_STRICT_PROTOTYPES = YES;
				CLANG_WARN_SUSPICIOUS_MOVE = YES;
				CLANG_WARN_UNGUARDED_AVAILABILITY = YES_AGGRESSIVE;
				CLANG_WARN_UNREACHABLE_CODE = YES;
				CLANG_WARN__DUPLICATE_METHOD_MATCH = YES;
				COPY_PHASE_STRIP = NO;
				DEBUG_INFORMATION_FORMAT = dwarf;
				ENABLE_STRICT_OBJC_MSGSEND = YES;
				ENABLE_TESTABILITY = YES;
				ENABLE_USER_SCRIPT_SANDBOXING = YES;
				GCC_C_LANGUAGE_STANDARD = gnu17;
				GCC_DYNAMIC_NO_PIC = NO;
				GCC_NO_COMMON_BLOCKS = YES;
				GCC_OPTIMIZATION_LEVEL = 0;
				GCC_PREPROCESSOR_DEFINITIONS = (
					"DEBUG=1",
					"$(inherited)",
				);
				GCC_WARN_64_TO_32_BIT_CONVERSION = YES;
				GCC_WARN_ABOUT_RETURN_TYPE = YES_ERROR;
				GCC_WARN_UNDECLARED_SELECTOR = YES;
				GCC_WARN_UNINITIALIZED_AUTOS = YES_AGGRESSIVE;
				GCC_WARN_UNUSED_FUNCTION = YES;
				GCC_WARN_UNUSED_VARIABLE = YES;
				IPHONEOS_DEPLOYMENT_TARGET = 17.0;
				LOCALIZATION_PREFERS_STRING_CATALOGS = YES;
				MTL_ENABLE_DEBUG_INFO = INCLUDE_SOURCE;
				MTL_FAST_MATH = YES;
				ONLY_ACTIVE_ARCH = YES;
				SDKROOT = iphoneos;
				SWIFT_ACTIVE_COMPILATION_CONDITIONS = "DEBUG $(inherited)";
				SWIFT_OPTIMIZATION_LEVEL = "-Onone";
			};
			name = Debug;
		};
		03D875B42AD2726200605090 /* Release */ = {
			isa = XCBuildConfiguration;
			buildSettings = {
				ALWAYS_SEARCH_USER_PATHS = NO;
				ASSETCATALOG_COMPILER_GENERATE_SWIFT_ASSET_SYMBOL_EXTENSIONS = YES;
				CLANG_ANALYZER_NONNULL = YES;
				CLANG_ANALYZER_NUMBER_OBJECT_CONVERSION = YES_AGGRESSIVE;
				CLANG_CXX_LANGUAGE_STANDARD = "gnu++20";
				CLANG_ENABLE_MODULES = YES;
				CLANG_ENABLE_OBJC_ARC = YES;
				CLANG_ENABLE_OBJC_WEAK = YES;
				CLANG_WARN_BLOCK_CAPTURE_AUTORELEASING = YES;
				CLANG_WARN_BOOL_CONVERSION = YES;
				CLANG_WARN_COMMA = YES;
				CLANG_WARN_CONSTANT_CONVERSION = YES;
				CLANG_WARN_DEPRECATED_OBJC_IMPLEMENTATIONS = YES;
				CLANG_WARN_DIRECT_OBJC_ISA_USAGE = YES_ERROR;
				CLANG_WARN_DOCUMENTATION_COMMENTS = YES;
				CLANG_WARN_EMPTY_BODY = YES;
				CLANG_WARN_ENUM_CONVERSION = YES;
				CLANG_WARN_INFINITE_RECURSION = YES;
				CLANG_WARN_INT_CONVERSION = YES;
				CLANG_WARN_NON_LITERAL_NULL_CONVERSION = YES;
				CLANG_WARN_OBJC_IMPLICIT_RETAIN_SELF = YES;
				CLANG_WARN_OBJC_LITERAL_CONVERSION = YES;
				CLANG_WARN_OBJC_ROOT_CLASS = YES_ERROR;
				CLANG_WARN_QUOTED_INCLUDE_IN_FRAMEWORK_HEADER = YES;
				CLANG_WARN_RANGE_LOOP_ANALYSIS = YES;
				CLANG_WARN_STRICT_PROTOTYPES = YES;
				CLANG_WARN_SUSPICIOUS_MOVE = YES;
				CLANG_WARN_UNGUARDED_AVAILABILITY = YES_AGGRESSIVE;
				CLANG_WARN_UNREACHABLE_CODE = YES;
				CLANG_WARN__DUPLICATE_METHOD_MATCH = YES;
				COPY_PHASE_STRIP = NO;
				DEBUG_INFORMATION_FORMAT = "dwarf-with-dsym";
				ENABLE_NS_ASSERTIONS = NO;
				ENABLE_STRICT_OBJC_MSGSEND = YES;
				ENABLE_USER_SCRIPT_SANDBOXING = YES;
				GCC_C_LANGUAGE_STANDARD = gnu17;
				GCC_NO_COMMON_BLOCKS = YES;
				GCC_WARN_64_TO_32_BIT_CONVERSION = YES;
				GCC_WARN_ABOUT_RETURN_TYPE = YES_ERROR;
				GCC_WARN_UNDECLARED_SELECTOR = YES;
				GCC_WARN_UNINITIALIZED_AUTOS = YES_AGGRESSIVE;
				GCC_WARN_UNUSED_FUNCTION = YES;
				GCC_WARN_UNUSED_VARIABLE = YES;
				IPHONEOS_DEPLOYMENT_TARGET = 17.0;
				LOCALIZATION_PREFERS_STRING_CATALOGS = YES;
				MTL_ENABLE_DEBUG_INFO = NO;
				MTL_FAST_MATH = YES;
				SDKROOT = iphoneos;
				SWIFT_COMPILATION_MODE = wholemodule;
				VALIDATE_PRODUCT = YES;
			};
			name = Release;
		};
		03D875B62AD2726200605090 /* Debug */ = {
			isa = XCBuildConfiguration;
			buildSettings = {
				ASSETCATALOG_COMPILER_APPICON_NAME = AppIcon;
				ASSETCATALOG_COMPILER_GLOBAL_ACCENT_COLOR_NAME = AccentColor;
				CODE_SIGN_STYLE = Automatic;
				CURRENT_PROJECT_VERSION = 1;
				DEVELOPMENT_ASSET_PATHS = "\"Landmarks/Preview Content\"";
				ENABLE_PREVIEWS = YES;
				GENERATE_INFOPLIST_FILE = YES;
				INFOPLIST_KEY_UIApplicationSceneManifest_Generation = YES;
				INFOPLIST_KEY_UIApplicationSupportsIndirectInputEvents = YES;
				INFOPLIST_KEY_UILaunchScreen_Generation = YES;
				INFOPLIST_KEY_UISupportedInterfaceOrientations_iPad = "UIInterfaceOrientationPortrait UIInterfaceOrientationPortraitUpsideDown UIInterfaceOrientationLandscapeLeft UIInterfaceOrientationLandscapeRight";
				INFOPLIST_KEY_UISupportedInterfaceOrientations_iPhone = "UIInterfaceOrientationPortrait UIInterfaceOrientationLandscapeLeft UIInterfaceOrientationLandscapeRight";
				LD_RUNPATH_SEARCH_PATHS = (
					"$(inherited)",
					"@executable_path/Frameworks",
				);
				MARKETING_VERSION = 1.0;
				PRODUCT_BUNDLE_IDENTIFIER = tech.joshaustin.Landmarks;
				PRODUCT_NAME = "$(TARGET_NAME)";
				SWIFT_EMIT_LOC_STRINGS = YES;
				SWIFT_VERSION = 5.0;
				TARGETED_DEVICE_FAMILY = "1,2";
			};
			name = Debug;
		};
		03D875B72AD2726200605090 /* Release */ = {
			isa = XCBuildConfiguration;
			buildSettings = {
				ASSETCATALOG_COMPILER_APPICON_NAME = AppIcon;
				ASSETCATALOG_COMPILER_GLOBAL_ACCENT_COLOR_NAME = AccentColor;
				CODE_SIGN_STYLE = Automatic;
				CURRENT_PROJECT_VERSION = 1;
				DEVELOPMENT_ASSET_PATHS = "\"Landmarks/Preview Content\"";
				ENABLE_PREVIEWS = YES;
				GENERATE_INFOPLIST_FILE = YES;
				INFOPLIST_KEY_UIApplicationSceneManifest_Generation = YES;
				INFOPLIST_KEY_UIApplicationSupportsIndirectInputEvents = YES;
				INFOPLIST_KEY_UILaunchScreen_Generation = YES;
				INFOPLIST_KEY_UISupportedInterfaceOrientations_iPad = "UIInterfaceOrientationPortrait UIInterfaceOrientationPortraitUpsideDown UIInterfaceOrientationLandscapeLeft UIInterfaceOrientationLandscapeRight";
				INFOPLIST_KEY_UISupportedInterfaceOrientations_iPhone = "UIInterfaceOrientationPortrait UIInterfaceOrientationLandscapeLeft UIInterfaceOrientationLandscapeRight";
				LD_RUNPATH_SEARCH_PATHS = (
					"$(inherited)",
					"@executable_path/Frameworks",
				);
				MARKETING_VERSION = 1.0;
				PRODUCT_BUNDLE_IDENTIFIER = tech.joshaustin.Landmarks;
				PRODUCT_NAME = "$(TARGET_NAME)";
				SWIFT_EMIT_LOC_STRINGS = YES;
				SWIFT_VERSION = 5.0;
				TARGETED_DEVICE_FAMILY = "1,2";
			};
			name = Release;
		};
/* End XCBuildConfiguration section */

/* Begin XCConfigurationList section */
		03D875A22AD2726000605090 /* Build configuration list for PBXProject "Landmarks" */ = {
			isa = XCConfigurationList;
			buildConfigurations = (
				03D875B32AD2726200605090 /* Debug */,
				03D875B42AD2726200605090 /* Release */,
			);
			defaultConfigurationIsVisible = 0;
			defaultConfigurationName = Release;
		};
		03D875B52AD2726200605090 /* Build configuration list for PBXNativeTarget "Landmarks" */ = {
			isa = XCConfigurationList;
			buildConfigurations = (
				03D875B62AD2726200605090 /* Debug */,
				03D875B72AD2726200605090 /* Release */,
			);
			defaultConfigurationIsVisible = 0;
			defaultConfigurationName = Release;
		};
/* End XCConfigurationList section */
	};
	rootObject = 03D8759F2AD2726000605090 /* Project object */;
}
